
Microsoft Visual Studio Solution File, Format Version 12.00
# Visual Studio Version 16
VisualStudioVersion = 16.0.30907.101
MinimumVisualStudioVersion = 10.0.40219.1
Project("{8BC9CEB8-8B4A-11D0-8D11-00A0C91BC942}") = "MFT_Analyzer", "MFTParser.vcxproj", "{D382A754-1AE9-4196-9B32-A003C7E623C4}"
	ProjectSection(ProjectDependencies) = postProject
		{B0BFE70F-ABDE-4234-84FA-135C028DB6AF} = {B0BFE70F-ABDE-4234-84FA-135C028DB6AF}
		{AE75641B-22E1-4E71-AA77-01B76FF7A644} = {AE75641B-22E1-4E71-AA77-01B76FF7A644}
	EndProjectSection
EndProject
Project("{8BC9CEB8-8B4A-11D0-8D11-00A0C91BC942}") = "ntfsparser", "..\ntfsparser_r8\ntfsparser.vcxproj", "{74E4873C-6A4F-4462-9663-E6D421B92D50}"
EndProject
Project("{8BC9CEB8-8B4A-11D0-8D11-00A0C91BC942}") = "000MBR", "..\000MBR\000MBR.vcxproj", "{BAA367AE-0E7B-4263-8505-4C61207DBA03}"
EndProject
Project("{8BC9CEB8-8B4A-11D0-8D11-00A0C91BC942}") = "100NTFS", "..\100NTFS\100NTFS.vcxproj", "{B0BFE70F-ABDE-4234-84FA-135C028DB6AF}"
EndProject
Project("{8BC9CEB8-8B4A-11D0-8D11-00A0C91BC942}") = "201MFT", "..\201MFT\201MFT.vcxproj", "{AE75641B-22E1-4E71-AA77-01B76FF7A644}"
EndProject
Global
	GlobalSection(SolutionConfigurationPlatforms) = preSolution
		Debug|x64 = Debug|x64
		Debug|x86 = Debug|x86
		Release|x64 = Release|x64
		Release|x86 = Release|x86
	EndGlobalSection
	GlobalSection(ProjectConfigurationPlatforms) = postSolution
		{D382A754-1AE9-4196-9B32-A003C7E623C4}.Debug|x64.ActiveCfg = Debug|x64
		{D382A754-1AE9-4196-9B32-A003C7E623C4}.Debug|x64.Build.0 = Debug|x64
		{D382A754-1AE9-4196-9B32-A003C7E623C4}.Debug|x86.ActiveCfg = Debug|Win32
		{D382A754-1AE9-4196-9B32-A003C7E623C4}.Debug|x86.Build.0 = Debug|Win32
		{D382A754-1AE9-4196-9B32-A003C7E623C4}.Release|x64.ActiveCfg = Release|x64
		{D382A754-1AE9-4196-9B32-A003C7E623C4}.Release|x64.Build.0 = Release|x64
		{D382A754-1AE9-4196-9B32-A003C7E623C4}.Release|x86.ActiveCfg = Release|Win32
		{D382A754-1AE9-4196-9B32-A003C7E623C4}.Release|x86.Build.0 = Release|Win32
		{74E4873C-6A4F-4462-9663-E6D421B92D50}.Debug|x64.ActiveCfg = Debug|Win32
		{74E4873C-6A4F-4462-9663-E6D421B92D50}.Debug|x86.ActiveCfg = Debug|Win32
		{74E4873C-6A4F-4462-9663-E6D421B92D50}.Debug|x86.Build.0 = Debug|Win32
		{74E4873C-6A4F-4462-9663-E6D421B92D50}.Release|x64.ActiveCfg = Release|Win32
		{74E4873C-6A4F-4462-9663-E6D421B92D50}.Release|x86.ActiveCfg = Release|Win32
		{74E4873C-6A4F-4462-9663-E6D421B92D50}.Release|x86.Build.0 = Release|Win32
		{BAA367AE-0E7B-4263-8505-4C61207DBA03}.Debug|x64.ActiveCfg = Debug|x64
		{BAA367AE-0E7B-4263-8505-4C61207DBA03}.Debug|x64.Build.0 = Debug|x64
		{BAA367AE-0E7B-4263-8505-4C61207DBA03}.Debug|x86.ActiveCfg = Debug|Win32
		{BAA367AE-0E7B-4263-8505-4C61207DBA03}.Debug|x86.Build.0 = Debug|Win32
		{BAA367AE-0E7B-4263-8505-4C61207DBA03}.Release|x64.ActiveCfg = Release|x64
		{BAA367AE-0E7B-4263-8505-4C61207DBA03}.Release|x64.Build.0 = Release|x64
		{BAA367AE-0E7B-4263-8505-4C61207DBA03}.Release|x86.ActiveCfg = Release|Win32
		{BAA367AE-0E7B-4263-8505-4C61207DBA03}.Release|x86.Build.0 = Release|Win32
		{B0BFE70F-ABDE-4234-84FA-135C028DB6AF}.Debug|x64.ActiveCfg = Debug|x64
		{B0BFE70F-ABDE-4234-84FA-135C028DB6AF}.Debug|x64.Build.0 = Debug|x64
		{B0BFE70F-ABDE-4234-84FA-135C028DB6AF}.Debug|x86.ActiveCfg = Debug|Win32
		{B0BFE70F-ABDE-4234-84FA-135C028DB6AF}.Debug|x86.Build.0 = Debug|Win32
		{B0BFE70F-ABDE-4234-84FA-135C028DB6AF}.Release|x64.ActiveCfg = Release|x64
		{B0BFE70F-ABDE-4234-84FA-135C028DB6AF}.Release|x64.Build.0 = Release|x64
		{B0BFE70F-ABDE-4234-84FA-135C028DB6AF}.Release|x86.ActiveCfg = Release|Win32
		{B0BFE70F-ABDE-4234-84FA-135C028DB6AF}.Release|x86.Build.0 = Release|Win32
		{AE75641B-22E1-4E71-AA77-01B76FF7A644}.Debug|x64.ActiveCfg = Debug|x64
		{AE75641B-22E1-4E71-AA77-01B76FF7A644}.Debug|x64.Build.0 = Debug|x64
		{AE75641B-22E1-4E71-AA77-01B76FF7A644}.Debug|x86.ActiveCfg = Debug|Win32
		{AE75641B-22E1-4E71-AA77-01B76FF7A644}.Debug|x86.Build.0 = Debug|Win32
		{AE75641B-22E1-4E71-AA77-01B76FF7A644}.Release|x64.ActiveCfg = Release|x64
		{AE75641B-22E1-4E71-AA77-01B76FF7A644}.Release|x64.Build.0 = Release|x64
		{AE75641B-22E1-4E71-AA77-01B76FF7A644}.Release|x86.ActiveCfg = Release|Win32
		{AE75641B-22E1-4E71-AA77-01B76FF7A644}.Release|x86.Build.0 = Release|Win32
	EndGlobalSection
	GlobalSection(SolutionProperties) = preSolution
		HideSolutionNode = FALSE
	EndGlobalSection
	GlobalSection(ExtensibilityGlobals) = postSolution
		SolutionGuid = {DBBE47A8-059B-408F-90F8-2C8727424DEB}
	EndGlobalSection
EndGlobal
